// !$*UTF8*$!
{
	archiveVersion = 1;
	classes = {
	};
	objectVersion = 63;
	objects = {

/* Begin PBXBuildFile section */
		731339012BE9039000C4C23B /* ProductDetailsScreen.swift in Sources */ = {isa = PBXBuildFile; fileRef = 731339002BE9039000C4C23B /* ProductDetailsScreen.swift */; };
		73456AB22BE8F9F30090DC20 /* FurnitureStoreApp.swift in Sources */ = {isa = PBXBuildFile; fileRef = 73456AB12BE8F9F30090DC20 /* FurnitureStoreApp.swift */; };
		73456AB42BE8F9F30090DC20 /* MainScreen.swift in Sources */ = {isa = PBXBuildFile; fileRef = 73456AB32BE8F9F30090DC20 /* MainScreen.swift */; };
		73456AB62BE8F9F50090DC20 /* Assets.xcassets in Resources */ = {isa = PBXBuildFile; fileRef = 73456AB52BE8F9F50090DC20 /* Assets.xcassets */; };
		73456AB92BE8F9F50090DC20 /* Preview Assets.xcassets in Resources */ = {isa = PBXBuildFile; fileRef = 73456AB82BE8F9F50090DC20 /* Preview Assets.xcassets */; };
		7372EA8C2BE904A300C193D7 /* RegistrationScreen.swift in Sources */ = {isa = PBXBuildFile; fileRef = 7372EA8B2BE904A300C193D7 /* RegistrationScreen.swift */; };
		7372EA962BE936C000C193D7 /* Extension + Grdient.swift in Sources */ = {isa = PBXBuildFile; fileRef = 7372EA952BE936C000C193D7 /* Extension + Grdient.swift */; };
		7372EA982BE9764300C193D7 /* Extension + Font.swift in Sources */ = {isa = PBXBuildFile; fileRef = 7372EA972BE9764300C193D7 /* Extension + Font.swift */; };
		739927E72BEA221500328E61 /* VertificationScreen.swift in Sources */ = {isa = PBXBuildFile; fileRef = 739927E62BEA221500328E61 /* VertificationScreen.swift */; };
		739927EA2BEA477C00328E61 /* MainScreenViewModel.swift in Sources */ = {isa = PBXBuildFile; fileRef = 739927E92BEA477C00328E61 /* MainScreenViewModel.swift */; };
		739927EC2BEA479A00328E61 /* VertificationScreenViewModel.swift in Sources */ = {isa = PBXBuildFile; fileRef = 739927EB2BEA479A00328E61 /* VertificationScreenViewModel.swift */; };
		739927EE2BEA47B000328E61 /* RegistrationMainViewModel.swift in Sources */ = {isa = PBXBuildFile; fileRef = 739927ED2BEA47B000328E61 /* RegistrationMainViewModel.swift */; };
		739927F02BEA47F000328E61 /* ProductDetalisMainViewModel.swift in Sources */ = {isa = PBXBuildFile; fileRef = 739927EF2BEA47F000328E61 /* ProductDetalisMainViewModel.swift */; };
/* End PBXBuildFile section */

/* Begin PBXFileReference section */
		731339002BE9039000C4C23B /* ProductDetailsScreen.swift */ = {isa = PBXFileReference; lastKnownFileType = sourcecode.swift; path = ProductDetailsScreen.swift; sourceTree = "<group>"; };
		73456AAE2BE8F9F30090DC20 /* FurnitureStore.app */ = {isa = PBXFileReference; explicitFileType = wrapper.application; includeInIndex = 0; path = FurnitureStore.app; sourceTree = BUILT_PRODUCTS_DIR; };
		73456AB12BE8F9F30090DC20 /* FurnitureStoreApp.swift */ = {isa = PBXFileReference; lastKnownFileType = sourcecode.swift; path = FurnitureStoreApp.swift; sourceTree = "<group>"; };
		73456AB32BE8F9F30090DC20 /* MainScreen.swift */ = {isa = PBXFileReference; lastKnownFileType = sourcecode.swift; path = MainScreen.swift; sourceTree = "<group>"; };
		73456AB52BE8F9F50090DC20 /* Assets.xcassets */ = {isa = PBXFileReference; lastKnownFileType = folder.assetcatalog; path = Assets.xcassets; sourceTree = "<group>"; };
		73456AB82BE8F9F50090DC20 /* Preview Assets.xcassets */ = {isa = PBXFileReference; lastKnownFileType = folder.assetcatalog; path = "Preview Assets.xcassets"; sourceTree = "<group>"; };
		7372EA8B2BE904A300C193D7 /* RegistrationScreen.swift */ = {isa = PBXFileReference; lastKnownFileType = sourcecode.swift; path = RegistrationScreen.swift; sourceTree = "<group>"; };
		7372EA952BE936C000C193D7 /* Extension + Grdient.swift */ = {isa = PBXFileReference; lastKnownFileType = sourcecode.swift; path = "Extension + Grdient.swift"; sourceTree = "<group>"; };
		7372EA972BE9764300C193D7 /* Extension + Font.swift */ = {isa = PBXFileReference; lastKnownFileType = sourcecode.swift; path = "Extension + Font.swift"; sourceTree = "<group>"; };
		739927E62BEA221500328E61 /* VertificationScreen.swift */ = {isa = PBXFileReference; lastKnownFileType = sourcecode.swift; path = VertificationScreen.swift; sourceTree = "<group>"; };
		739927E92BEA477C00328E61 /* MainScreenViewModel.swift */ = {isa = PBXFileReference; lastKnownFileType = sourcecode.swift; path = MainScreenViewModel.swift; sourceTree = "<group>"; };
		739927EB2BEA479A00328E61 /* VertificationScreenViewModel.swift */ = {isa = PBXFileReference; lastKnownFileType = sourcecode.swift; path = VertificationScreenViewModel.swift; sourceTree = "<group>"; };
		739927ED2BEA47B000328E61 /* RegistrationMainViewModel.swift */ = {isa = PBXFileReference; lastKnownFileType = sourcecode.swift; path = RegistrationMainViewModel.swift; sourceTree = "<group>"; };
		739927EF2BEA47F000328E61 /* ProductDetalisMainViewModel.swift */ = {isa = PBXFileReference; lastKnownFileType = sourcecode.swift; path = ProductDetalisMainViewModel.swift; sourceTree = "<group>"; };
/* End PBXFileReference section */

/* Begin PBXFrameworksBuildPhase section */
		73456AAB2BE8F9F30090DC20 /* Frameworks */ = {
			isa = PBXFrameworksBuildPhase;
			buildActionMask = 2147483647;
			files = (
			);
			runOnlyForDeploymentPostprocessing = 0;
		};
/* End PBXFrameworksBuildPhase section */

/* Begin PBXGroup section */
		731339022BE9039A00C4C23B /* ProductDetalisMainScreen */ = {
			isa = PBXGroup;
			children = (
				731339002BE9039000C4C23B /* ProductDetailsScreen.swift */,
			);
			path = ProductDetalisMainScreen;
			sourceTree = "<group>";
		};
		73456AA52BE8F9F30090DC20 = {
			isa = PBXGroup;
			children = (
				739927E82BEA475D00328E61 /* ViewModelScreen */,
				739927E52BEA21DD00328E61 /*  VerificationMainScreen */,
				7372EA942BE936A400C193D7 /* Extension  */,
				7372EA8D2BE9050300C193D7 /* RegistrationMainScreen */,
				731339022BE9039A00C4C23B /* ProductDetalisMainScreen */,
				73456AB02BE8F9F30090DC20 /* FurnitureStore */,
				73456AAF2BE8F9F30090DC20 /* Products */,
			);
			sourceTree = "<group>";
		};
		73456AAF2BE8F9F30090DC20 /* Products */ = {
			isa = PBXGroup;
			children = (
				73456AAE2BE8F9F30090DC20 /* FurnitureStore.app */,
			);
			name = Products;
			sourceTree = "<group>";
		};
		73456AB02BE8F9F30090DC20 /* FurnitureStore */ = {
			isa = PBXGroup;
			children = (
				73456AB32BE8F9F30090DC20 /* MainScreen.swift */,
				73456AB12BE8F9F30090DC20 /* FurnitureStoreApp.swift */,
				73456AB52BE8F9F50090DC20 /* Assets.xcassets */,
				73456AB72BE8F9F50090DC20 /* Preview Content */,
			);
			path = FurnitureStore;
			sourceTree = "<group>";
		};
		73456AB72BE8F9F50090DC20 /* Preview Content */ = {
			isa = PBXGroup;
			children = (
				73456AB82BE8F9F50090DC20 /* Preview Assets.xcassets */,
			);
			path = "Preview Content";
			sourceTree = "<group>";
		};
		7372EA8D2BE9050300C193D7 /* RegistrationMainScreen */ = {
			isa = PBXGroup;
			children = (
				7372EA8B2BE904A300C193D7 /* RegistrationScreen.swift */,
			);
			path = RegistrationMainScreen;
			sourceTree = "<group>";
		};
		7372EA942BE936A400C193D7 /* Extension  */ = {
			isa = PBXGroup;
			children = (
				7372EA952BE936C000C193D7 /* Extension + Grdient.swift */,
				7372EA972BE9764300C193D7 /* Extension + Font.swift */,
			);
			path = "Extension ";
			sourceTree = "<group>";
		};
		739927E52BEA21DD00328E61 /*  VerificationMainScreen */ = {
			isa = PBXGroup;
			children = (
				739927E62BEA221500328E61 /* VertificationScreen.swift */,
			);
			path = " VerificationMainScreen";
			sourceTree = "<group>";
		};
		739927E82BEA475D00328E61 /* ViewModelScreen */ = {
			isa = PBXGroup;
			children = (
				739927E92BEA477C00328E61 /* MainScreenViewModel.swift */,
				739927EB2BEA479A00328E61 /* VertificationScreenViewModel.swift */,
				739927ED2BEA47B000328E61 /* RegistrationMainViewModel.swift */,
				739927EF2BEA47F000328E61 /* ProductDetalisMainViewModel.swift */,
			);
			path = ViewModelScreen;
			sourceTree = "<group>";
		};
/* End PBXGroup section */

/* Begin PBXNativeTarget section */
		73456AAD2BE8F9F30090DC20 /* FurnitureStore */ = {
			isa = PBXNativeTarget;
			buildConfigurationList = 73456ABC2BE8F9F50090DC20 /* Build configuration list for PBXNativeTarget "FurnitureStore" */;
			buildPhases = (
				73456AAA2BE8F9F30090DC20 /* Sources */,
				73456AAB2BE8F9F30090DC20 /* Frameworks */,
				73456AAC2BE8F9F30090DC20 /* Resources */,
			);
			buildRules = (
			);
			dependencies = (
			);
			name = FurnitureStore;
			productName = FurnitureStore;
			productReference = 73456AAE2BE8F9F30090DC20 /* FurnitureStore.app */;
			productType = "com.apple.product-type.application";
		};
/* End PBXNativeTarget section */

/* Begin PBXProject section */
		73456AA62BE8F9F30090DC20 /* Project object */ = {
			isa = PBXProject;
			attributes = {
				BuildIndependentTargetsInParallel = 1;
				LastSwiftUpdateCheck = 1530;
				LastUpgradeCheck = 1530;
				TargetAttributes = {
					73456AAD2BE8F9F30090DC20 = {
						CreatedOnToolsVersion = 15.3;
					};
				};
			};
			buildConfigurationList = 73456AA92BE8F9F30090DC20 /* Build configuration list for PBXProject "FurnitureStore" */;
			compatibilityVersion = "Xcode 15.3";
			developmentRegion = en;
			hasScannedForEncodings = 0;
			knownRegions = (
				en,
				Base,
			);
			mainGroup = 73456AA52BE8F9F30090DC20;
			productRefGroup = 73456AAF2BE8F9F30090DC20 /* Products */;
			projectDirPath = "";
			projectRoot = "";
			targets = (
				73456AAD2BE8F9F30090DC20 /* FurnitureStore */,
			);
		};
/* End PBXProject section */

/* Begin PBXResourcesBuildPhase section */
		73456AAC2BE8F9F30090DC20 /* Resources */ = {
			isa = PBXResourcesBuildPhase;
			buildActionMask = 2147483647;
			files = (
				73456AB92BE8F9F50090DC20 /* Preview Assets.xcassets in Resources */,
				73456AB62BE8F9F50090DC20 /* Assets.xcassets in Resources */,
			);
			runOnlyForDeploymentPostprocessing = 0;
		};
/* End PBXResourcesBuildPhase section */

/* Begin PBXSourcesBuildPhase section */
		73456AAA2BE8F9F30090DC20 /* Sources */ = {
			isa = PBXSourcesBuildPhase;
			buildActionMask = 2147483647;
			files = (
				73456AB42BE8F9F30090DC20 /* MainScreen.swift in Sources */,
				739927EC2BEA479A00328E61 /* VertificationScreenViewModel.swift in Sources */,
				739927E72BEA221500328E61 /* VertificationScreen.swift in Sources */,
				731339012BE9039000C4C23B /* ProductDetailsScreen.swift in Sources */,
				7372EA962BE936C000C193D7 /* Extension + Grdient.swift in Sources */,
				7372EA8C2BE904A300C193D7 /* RegistrationScreen.swift in Sources */,
				739927EE2BEA47B000328E61 /* RegistrationMainViewModel.swift in Sources */,
				739927F02BEA47F000328E61 /* ProductDetalisMainViewModel.swift in Sources */,
				739927EA2BEA477C00328E61 /* MainScreenViewModel.swift in Sources */,
				7372EA982BE9764300C193D7 /* Extension + Font.swift in Sources */,
				73456AB22BE8F9F30090DC20 /* FurnitureStoreApp.swift in Sources */,
			);
			runOnlyForDeploymentPostprocessing = 0;
		};
/* End PBXSourcesBuildPhase section */

/* Begin XCBuildConfiguration section */
		73456ABA2BE8F9F50090DC20 /* Debug */ = {
			isa = XCBuildConfiguration;
			buildSettings = {
				ALWAYS_SEARCH_USER_PATHS = NO;
				ASSETCATALOG_COMPILER_GENERATE_SWIFT_ASSET_SYMBOL_EXTENSIONS = YES;
				CLANG_ANALYZER_NONNULL = YES;
				CLANG_ANALYZER_NUMBER_OBJECT_CONVERSION = YES_AGGRESSIVE;
				CLANG_CXX_LANGUAGE_STANDARD = "gnu++20";
				CLANG_ENABLE_MODULES = YES;
				CLANG_ENABLE_OBJC_ARC = YES;
				CLANG_ENABLE_OBJC_WEAK = YES;
				CLANG_WARN_BLOCK_CAPTURE_AUTORELEASING = YES;
				CLANG_WARN_BOOL_CONVERSION = YES;
				CLANG_WARN_COMMA = YES;
				CLANG_WARN_CONSTANT_CONVERSION = YES;
				CLANG_WARN_DEPRECATED_OBJC_IMPLEMENTATIONS = YES;
				CLANG_WARN_DIRECT_OBJC_ISA_USAGE = YES_ERROR;
				CLANG_WARN_DOCUMENTATION_COMMENTS = YES;
				CLANG_WARN_EMPTY_BODY = YES;
				CLANG_WARN_ENUM_CONVERSION = YES;
				CLANG_WARN_INFINITE_RECURSION = YES;
				CLANG_WARN_INT_CONVERSION = YES;
				CLANG_WARN_NON_LITERAL_NULL_CONVERSION = YES;
				CLANG_WARN_OBJC_IMPLICIT_RETAIN_SELF = YES;
				CLANG_WARN_OBJC_LITERAL_CONVERSION = YES;
				CLANG_WARN_OBJC_ROOT_CLASS = YES_ERROR;
				CLANG_WARN_QUOTED_INCLUDE_IN_FRAMEWORK_HEADER = YES;
				CLANG_WARN_RANGE_LOOP_ANALYSIS = YES;
				CLANG_WARN_STRICT_PROTOTYPES = YES;
				CLANG_WARN_SUSPICIOUS_MOVE = YES;
				CLANG_WARN_UNGUARDED_AVAILABILITY = YES_AGGRESSIVE;
				CLANG_WARN_UNREACHABLE_CODE = YES;
				CLANG_WARN__DUPLICATE_METHOD_MATCH = YES;
				COPY_PHASE_STRIP = NO;
				DEBUG_INFORMATION_FORMAT = dwarf;
				ENABLE_STRICT_OBJC_MSGSEND = YES;
				ENABLE_TESTABILITY = YES;
				ENABLE_USER_SCRIPT_SANDBOXING = YES;
				GCC_C_LANGUAGE_STANDARD = gnu17;
				GCC_DYNAMIC_NO_PIC = NO;
				GCC_NO_COMMON_BLOCKS = YES;
				GCC_OPTIMIZATION_LEVEL = 0;
				GCC_PREPROCESSOR_DEFINITIONS = (
					"DEBUG=1",
					"$(inherited)",
				);
				GCC_WARN_64_TO_32_BIT_CONVERSION = YES;
				GCC_WARN_ABOUT_RETURN_TYPE = YES_ERROR;
				GCC_WARN_UNDECLARED_SELECTOR = YES;
				GCC_WARN_UNINITIALIZED_AUTOS = YES_AGGRESSIVE;
				GCC_WARN_UNUSED_FUNCTION = YES;
				GCC_WARN_UNUSED_VARIABLE = YES;
				IPHONEOS_DEPLOYMENT_TARGET = 17.4;
				LOCALIZATION_PREFERS_STRING_CATALOGS = YES;
				MTL_ENABLE_DEBUG_INFO = INCLUDE_SOURCE;
				MTL_FAST_MATH = YES;
				ONLY_ACTIVE_ARCH = YES;
				SDKROOT = iphoneos;
				SWIFT_ACTIVE_COMPILATION_CONDITIONS = "DEBUG $(inherited)";
				SWIFT_OPTIMIZATION_LEVEL = "-Onone";
			};
			name = Debug;
		};
		73456ABB2BE8F9F50090DC20 /* Release */ = {
			isa = XCBuildConfiguration;
			buildSettings = {
				ALWAYS_SEARCH_USER_PATHS = NO;
				ASSETCATALOG_COMPILER_GENERATE_SWIFT_ASSET_SYMBOL_EXTENSIONS = YES;
				CLANG_ANALYZER_NONNULL = YES;
				CLANG_ANALYZER_NUMBER_OBJECT_CONVERSION = YES_AGGRESSIVE;
				CLANG_CXX_LANGUAGE_STANDARD = "gnu++20";
				CLANG_ENABLE_MODULES = YES;
				CLANG_ENABLE_OBJC_ARC = YES;
				CLANG_ENABLE_OBJC_WEAK = YES;
				CLANG_WARN_BLOCK_CAPTURE_AUTORELEASING = YES;
				CLANG_WARN_BOOL_CONVERSION = YES;
				CLANG_WARN_COMMA = YES;
				CLANG_WARN_CONSTANT_CONVERSION = YES;
				CLANG_WARN_DEPRECATED_OBJC_IMPLEMENTATIONS = YES;
				CLANG_WARN_DIRECT_OBJC_ISA_USAGE = YES_ERROR;
				CLANG_WARN_DOCUMENTATION_COMMENTS = YES;
				CLANG_WARN_EMPTY_BODY = YES;
				CLANG_WARN_ENUM_CONVERSION = YES;
				CLANG_WARN_INFINITE_RECURSION = YES;
				CLANG_WARN_INT_CONVERSION = YES;
				CLANG_WARN_NON_LITERAL_NULL_CONVERSION = YES;
				CLANG_WARN_OBJC_IMPLICIT_RETAIN_SELF = YES;
				CLANG_WARN_OBJC_LITERAL_CONVERSION = YES;
				CLANG_WARN_OBJC_ROOT_CLASS = YES_ERROR;
				CLANG_WARN_QUOTED_INCLUDE_IN_FRAMEWORK_HEADER = YES;
				CLANG_WARN_RANGE_LOOP_ANALYSIS = YES;
				CLANG_WARN_STRICT_PROTOTYPES = YES;
				CLANG_WARN_SUSPICIOUS_MOVE = YES;
				CLANG_WARN_UNGUARDED_AVAILABILITY = YES_AGGRESSIVE;
				CLANG_WARN_UNREACHABLE_CODE = YES;
				CLANG_WARN__DUPLICATE_METHOD_MATCH = YES;
				COPY_PHASE_STRIP = NO;
				DEBUG_INFORMATION_FORMAT = "dwarf-with-dsym";
				ENABLE_NS_ASSERTIONS = NO;
				ENABLE_STRICT_OBJC_MSGSEND = YES;
				ENABLE_USER_SCRIPT_SANDBOXING = YES;
				GCC_C_LANGUAGE_STANDARD = gnu17;
				GCC_NO_COMMON_BLOCKS = YES;
				GCC_WARN_64_TO_32_BIT_CONVERSION = YES;
				GCC_WARN_ABOUT_RETURN_TYPE = YES_ERROR;
				GCC_WARN_UNDECLARED_SELECTOR = YES;
				GCC_WARN_UNINITIALIZED_AUTOS = YES_AGGRESSIVE;
				GCC_WARN_UNUSED_FUNCTION = YES;
				GCC_WARN_UNUSED_VARIABLE = YES;
				IPHONEOS_DEPLOYMENT_TARGET = 17.4;
				LOCALIZATION_PREFERS_STRING_CATALOGS = YES;
				MTL_ENABLE_DEBUG_INFO = NO;
				MTL_FAST_MATH = YES;
				SDKROOT = iphoneos;
				SWIFT_COMPILATION_MODE = wholemodule;
				VALIDATE_PRODUCT = YES;
			};
			name = Release;
		};
		73456ABD2BE8F9F50090DC20 /* Debug */ = {
			isa = XCBuildConfiguration;
			buildSettings = {
				ASSETCATALOG_COMPILER_APPICON_NAME = AppIcon;
				ASSETCATALOG_COMPILER_GLOBAL_ACCENT_COLOR_NAME = AccentColor;
				CODE_SIGN_STYLE = Automatic;
				CURRENT_PROJECT_VERSION = 1;
				DEVELOPMENT_ASSET_PATHS = "\"FurnitureStore/Preview Content\"";
				DEVELOPMENT_TEAM = T79Q8MRX8P;
				ENABLE_PREVIEWS = YES;
				GENERATE_INFOPLIST_FILE = YES;
				INFOPLIST_KEY_UIApplicationSceneManifest_Generation = YES;
				INFOPLIST_KEY_UIApplicationSupportsIndirectInputEvents = YES;
				INFOPLIST_KEY_UILaunchScreen_Generation = YES;
				INFOPLIST_KEY_UISupportedInterfaceOrientations_iPad = "UIInterfaceOrientationPortrait UIInterfaceOrientationPortraitUpsideDown UIInterfaceOrientationLandscapeLeft UIInterfaceOrientationLandscapeRight";
				INFOPLIST_KEY_UISupportedInterfaceOrientations_iPhone = "UIInterfaceOrientationPortrait UIInterfaceOrientationLandscapeLeft UIInterfaceOrientationLandscapeRight";
				LD_RUNPATH_SEARCH_PATHS = (
					"$(inherited)",
					"@executable_path/Frameworks",
				);
				MARKETING_VERSION = 1.0;
				PRODUCT_BUNDLE_IDENTIFIER = AB.FurnitureStore;
				PRODUCT_NAME = "$(TARGET_NAME)";
				SWIFT_EMIT_LOC_STRINGS = YES;
				SWIFT_VERSION = 5.0;
				TARGETED_DEVICE_FAMILY = "1,2";
			};
			name = Debug;
		};
		73456ABE2BE8F9F50090DC20 /* Release */ = {
			isa = XCBuildConfiguration;
			buildSettings = {
				ASSETCATALOG_COMPILER_APPICON_NAME = AppIcon;
				ASSETCATALOG_COMPILER_GLOBAL_ACCENT_COLOR_NAME = AccentColor;
				CODE_SIGN_STYLE = Automatic;
				CURRENT_PROJECT_VERSION = 1;
				DEVELOPMENT_ASSET_PATHS = "\"FurnitureStore/Preview Content\"";
				DEVELOPMENT_TEAM = T79Q8MRX8P;
				ENABLE_PREVIEWS = YES;
				GENERATE_INFOPLIST_FILE = YES;
				INFOPLIST_KEY_UIApplicationSceneManifest_Generation = YES;
				INFOPLIST_KEY_UIApplicationSupportsIndirectInputEvents = YES;
				INFOPLIST_KEY_UILaunchScreen_Generation = YES;
				INFOPLIST_KEY_UISupportedInterfaceOrientations_iPad = "UIInterfaceOrientationPortrait UIInterfaceOrientationPortraitUpsideDown UIInterfaceOrientationLandscapeLeft UIInterfaceOrientationLandscapeRight";
				INFOPLIST_KEY_UISupportedInterfaceOrientations_iPhone = "UIInterfaceOrientationPortrait UIInterfaceOrientationLandscapeLeft UIInterfaceOrientationLandscapeRight";
				LD_RUNPATH_SEARCH_PATHS = (
					"$(inherited)",
					"@executable_path/Frameworks",
				);
				MARKETING_VERSION = 1.0;
				PRODUCT_BUNDLE_IDENTIFIER = AB.FurnitureStore;
				PRODUCT_NAME = "$(TARGET_NAME)";
				SWIFT_EMIT_LOC_STRINGS = YES;
				SWIFT_VERSION = 5.0;
				TARGETED_DEVICE_FAMILY = "1,2";
			};
			name = Release;
		};
/* End XCBuildConfiguration section */

/* Begin XCConfigurationList section */
		73456AA92BE8F9F30090DC20 /* Build configuration list for PBXProject "FurnitureStore" */ = {
			isa = XCConfigurationList;
			buildConfigurations = (
				73456ABA2BE8F9F50090DC20 /* Debug */,
				73456ABB2BE8F9F50090DC20 /* Release */,
			);
			defaultConfigurationIsVisible = 0;
			defaultConfigurationName = Release;
		};
		73456ABC2BE8F9F50090DC20 /* Build configuration list for PBXNativeTarget "FurnitureStore" */ = {
			isa = XCConfigurationList;
			buildConfigurations = (
				73456ABD2BE8F9F50090DC20 /* Debug */,
				73456ABE2BE8F9F50090DC20 /* Release */,
			);
			defaultConfigurationIsVisible = 0;
			defaultConfigurationName = Release;
		};
/* End XCConfigurationList section */
	};
	rootObject = 73456AA62BE8F9F30090DC20 /* Project object */;
}
